
Microsoft Visual Studio Solution File, Format Version 12.00
# Visual Studio Version 17
VisualStudioVersion = 17.2.32630.192
MinimumVisualStudioVersion = 10.0.40219.1
Project("{9A19103F-16F7-4668-BE54-9A1E7A4F7556}") = "P01_StudentSystem", "EFCoreCodeFirst\P01_StudentSystem.csproj", "{2869E16C-F8DD-4514-A8F9-01122292E429}"
EndProject
Project("{FAE04EC0-301F-11D3-BF4B-00C04F79EFBC}") = "P01_StudentSystem.Data", "P01_StudentSystem.Data\P01_StudentSystem.Data.csproj", "{2EF663DB-B944-4AEC-94C3-245693D87D40}"
EndProject
Project("{FAE04EC0-301F-11D3-BF4B-00C04F79EFBC}") = "P01_StudentSystem.Data.Models", "P01_StudentSystem.Data.Models\P01_StudentSystem.Data.Models.csproj", "{C9B228D3-F411-4EAF-AB25-0B720BC45E32}"
EndProject
Global
	GlobalSection(SolutionConfigurationPlatforms) = preSolution
		Debug|Any CPU = Debug|Any CPU
		Release|Any CPU = Release|Any CPU
	EndGlobalSection
	GlobalSection(ProjectConfigurationPlatforms) = postSolution
		{2869E16C-F8DD-4514-A8F9-01122292E429}.Debug|Any CPU.ActiveCfg = Debug|Any CPU
		{2869E16C-F8DD-4514-A8F9-01122292E429}.Debug|Any CPU.Build.0 = Debug|Any CPU
		{2869E16C-F8DD-4514-A8F9-01122292E429}.Release|Any CPU.ActiveCfg = Release|Any CPU
		{2869E16C-F8DD-4514-A8F9-01122292E429}.Release|Any CPU.Build.0 = Release|Any CPU
		{2EF663DB-B944-4AEC-94C3-245693D87D40}.Debug|Any CPU.ActiveCfg = Debug|Any CPU
		{2EF663DB-B944-4AEC-94C3-245693D87D40}.Debug|Any CPU.Build.0 = Debug|Any CPU
		{2EF663DB-B944-4AEC-94C3-245693D87D40}.Release|Any CPU.ActiveCfg = Release|Any CPU
		{2EF663DB-B944-4AEC-94C3-245693D87D40}.Release|Any CPU.Build.0 = Release|Any CPU
		{C9B228D3-F411-4EAF-AB25-0B720BC45E32}.Debug|Any CPU.ActiveCfg = Debug|Any CPU
		{C9B228D3-F411-4EAF-AB25-0B720BC45E32}.Debug|Any CPU.Build.0 = Debug|Any CPU
		{C9B228D3-F411-4EAF-AB25-0B720BC45E32}.Release|Any CPU.ActiveCfg = Release|Any CPU
		{C9B228D3-F411-4EAF-AB25-0B720BC45E32}.Release|Any CPU.Build.0 = Release|Any CPU
	EndGlobalSection
	GlobalSection(SolutionProperties) = preSolution
		HideSolutionNode = FALSE
	EndGlobalSection
	GlobalSection(ExtensibilityGlobals) = postSolution
		SolutionGuid = {6AC66AD2-9C21-42B2-A1CE-F613235088C9}
	EndGlobalSection
EndGlobal
